
Microsoft Visual Studio Solution File, Format Version 12.00
# Visual Studio Version 17
VisualStudioVersion = 17.8.34511.84
MinimumVisualStudioVersion = 10.0.40219.1
Project("{FAE04EC0-301F-11D3-BF4B-00C04F79EFBC}") = "WebApplication2", "WebApplication2.csproj", "{011DC963-284A-4022-94DA-E8F0F96B5979}"
EndProject
Global
	GlobalSection(SolutionConfigurationPlatforms) = preSolution
		Debug|Any CPU = Debug|Any CPU
		Release|Any CPU = Release|Any CPU
	EndGlobalSection
	GlobalSection(ProjectConfigurationPlatforms) = postSolution
		{011DC963-284A-4022-94DA-E8F0F96B5979}.Debug|Any CPU.ActiveCfg = Debug|Any CPU
		{011DC963-284A-4022-94DA-E8F0F96B5979}.Debug|Any CPU.Build.0 = Debug|Any CPU
		{011DC963-284A-4022-94DA-E8F0F96B5979}.Release|Any CPU.ActiveCfg = Release|Any CPU
		{011DC963-284A-4022-94DA-E8F0F96B5979}.Release|Any CPU.Build.0 = Release|Any CPU
	EndGlobalSection
	GlobalSection(SolutionProperties) = preSolution
		HideSolutionNode = FALSE
	EndGlobalSection
	GlobalSection(ExtensibilityGlobals) = postSolution
		SolutionGuid = {EB5C8702-654A-4FFF-9F5C-EB771D9E435C}
	EndGlobalSection
EndGlobal
